{
  "requires": true,
  "lockfileVersion": 1,
  "dependencies": {
    "@types/jquery": {
      "version": "3.5.27",
      "resolved": "https://registry.npmjs.org/@types/jquery/-/jquery-3.5.27.tgz",
      "integrity": "sha512-TR28Y8ezIGgfyA02UOh9x+Fy16/1qWYAnvtRd2gTBJuccX/vmddyti0MezLkTv7f+OLofVc2T961VPyKv1tXJQ==",
      "dev": true,
      "requires": {
        "@types/sizzle": "*"
      }
    },
    "@types/sizzle": {
      "version": "2.3.6",
      "resolved": "https://registry.npmjs.org/@types/sizzle/-/sizzle-2.3.6.tgz",
      "integrity": "sha512-m04Om5Gz6kbjUwAQ7XJJQ30OdEFsSmAVsvn4NYwcTRyMVpKKa1aPuESw1n2CxS5fYkOQv3nHgDKeNa8e76fUkw==",
      "dev": true
    },
    "types-registry": {
      "version": "0.1.685",
      "resolved": "https://registry.npmjs.org/types-registry/-/types-registry-0.1.685.tgz",
      "integrity": "sha512-dC3Nqu/q2Ey8Jj/YV0plEub0oycMiu3VaAf+tf8X5uhtiRS4iF1BubY5cra1LIaKr+fTblxQvoVAYIPeVj1A9g=="
    }
  }
}
